
Microsoft Visual Studio Solution File, Format Version 12.00
# Visual Studio Version 16
VisualStudioVersion = 16.0.31321.278
MinimumVisualStudioVersion = 10.0.40219.1
Project("{FAE04EC0-301F-11D3-BF4B-00C04F79EFBC}") = "type Casting", "type Casting.csproj", "{02E39BDF-898A-4B23-AAE6-4A6DB8485CF0}"
EndProject
Global
	GlobalSection(SolutionConfigurationPlatforms) = preSolution
		Debug|Any CPU = Debug|Any CPU
		Release|Any CPU = Release|Any CPU
	EndGlobalSection
	GlobalSection(ProjectConfigurationPlatforms) = postSolution
		{02E39BDF-898A-4B23-AAE6-4A6DB8485CF0}.Debug|Any CPU.ActiveCfg = Debug|Any CPU
		{02E39BDF-898A-4B23-AAE6-4A6DB8485CF0}.Debug|Any CPU.Build.0 = Debug|Any CPU
		{02E39BDF-898A-4B23-AAE6-4A6DB8485CF0}.Release|Any CPU.ActiveCfg = Release|Any CPU
		{02E39BDF-898A-4B23-AAE6-4A6DB8485CF0}.Release|Any CPU.Build.0 = Release|Any CPU
	EndGlobalSection
	GlobalSection(SolutionProperties) = preSolution
		HideSolutionNode = FALSE
	EndGlobalSection
	GlobalSection(ExtensibilityGlobals) = postSolution
		SolutionGuid = {217C70C1-6498-473F-92BC-0294BAAE4655}
	EndGlobalSection
EndGlobal
